
Microsoft Visual Studio Solution File, Format Version 12.00
# Visual Studio Version 17
VisualStudioVersion = 17.1.32228.430
MinimumVisualStudioVersion = 10.0.40219.1
Project("{9A19103F-16F7-4668-BE54-9A1E7A4F7556}") = "APITaxCalculation", "..\TaxServices\ApiTaxCalculation\APITaxCalculation.csproj", "{D3785689-3F33-4965-9CBD-462CADD9E628}"
EndProject
Project("{9A19103F-16F7-4668-BE54-9A1E7A4F7556}") = "TaxBusiness", "..\TaxServices\TaxBusiness\TaxBusiness.csproj", "{04C0211C-E888-446F-969B-F5A665F9F37C}"
EndProject
Project("{9A19103F-16F7-4668-BE54-9A1E7A4F7556}") = "TaxDataAccess", "..\TaxServices\TaxDataAccess\TaxDataAccess.csproj", "{12450C7D-8597-4D25-A054-2E5C42535C97}"
EndProject
Project("{9A19103F-16F7-4668-BE54-9A1E7A4F7556}") = "TaxCommon", "..\TaxServices\TaxCommon\TaxCommon.csproj", "{FC2D295A-6CD6-4456-95ED-BFC3AC876D02}"
EndProject
Global
	GlobalSection(SolutionConfigurationPlatforms) = preSolution
		Debug|Any CPU = Debug|Any CPU
		Release|Any CPU = Release|Any CPU
	EndGlobalSection
	GlobalSection(ProjectConfigurationPlatforms) = postSolution
		{D3785689-3F33-4965-9CBD-462CADD9E628}.Debug|Any CPU.ActiveCfg = Debug|Any CPU
		{D3785689-3F33-4965-9CBD-462CADD9E628}.Debug|Any CPU.Build.0 = Debug|Any CPU
		{D3785689-3F33-4965-9CBD-462CADD9E628}.Release|Any CPU.ActiveCfg = Release|Any CPU
		{D3785689-3F33-4965-9CBD-462CADD9E628}.Release|Any CPU.Build.0 = Release|Any CPU
		{04C0211C-E888-446F-969B-F5A665F9F37C}.Debug|Any CPU.ActiveCfg = Debug|Any CPU
		{04C0211C-E888-446F-969B-F5A665F9F37C}.Debug|Any CPU.Build.0 = Debug|Any CPU
		{04C0211C-E888-446F-969B-F5A665F9F37C}.Release|Any CPU.ActiveCfg = Release|Any CPU
		{04C0211C-E888-446F-969B-F5A665F9F37C}.Release|Any CPU.Build.0 = Release|Any CPU
		{12450C7D-8597-4D25-A054-2E5C42535C97}.Debug|Any CPU.ActiveCfg = Debug|Any CPU
		{12450C7D-8597-4D25-A054-2E5C42535C97}.Debug|Any CPU.Build.0 = Debug|Any CPU
		{12450C7D-8597-4D25-A054-2E5C42535C97}.Release|Any CPU.ActiveCfg = Release|Any CPU
		{12450C7D-8597-4D25-A054-2E5C42535C97}.Release|Any CPU.Build.0 = Release|Any CPU
		{FC2D295A-6CD6-4456-95ED-BFC3AC876D02}.Debug|Any CPU.ActiveCfg = Debug|Any CPU
		{FC2D295A-6CD6-4456-95ED-BFC3AC876D02}.Debug|Any CPU.Build.0 = Debug|Any CPU
		{FC2D295A-6CD6-4456-95ED-BFC3AC876D02}.Release|Any CPU.ActiveCfg = Release|Any CPU
		{FC2D295A-6CD6-4456-95ED-BFC3AC876D02}.Release|Any CPU.Build.0 = Release|Any CPU
	EndGlobalSection
	GlobalSection(SolutionProperties) = preSolution
		HideSolutionNode = FALSE
	EndGlobalSection
	GlobalSection(ExtensibilityGlobals) = postSolution
		SolutionGuid = {1D1430CF-EEE0-4C3A-AA0B-14278095FC39}
	EndGlobalSection
EndGlobal
